// !$*UTF8*$!
{
	archiveVersion = 1;
	classes = {
	};
	objectVersion = 56;
	objects = {

/* Begin PBXBuildFile section */
		18BFB6292A45BACB00FB5C07 /* VisionSnapApp.swift in Sources */ = {isa = PBXBuildFile; fileRef = 18BFB6282A45BACB00FB5C07 /* VisionSnapApp.swift */; };
		18BFB62B2A45BACB00FB5C07 /* ContentView.swift in Sources */ = {isa = PBXBuildFile; fileRef = 18BFB62A2A45BACB00FB5C07 /* ContentView.swift */; };
		18BFB62D2A45BACC00FB5C07 /* Assets.xcassets in Resources */ = {isa = PBXBuildFile; fileRef = 18BFB62C2A45BACC00FB5C07 /* Assets.xcassets */; };
		18BFB6302A45BACC00FB5C07 /* Preview Assets.xcassets in Resources */ = {isa = PBXBuildFile; fileRef = 18BFB62F2A45BACC00FB5C07 /* Preview Assets.xcassets */; };
		18BFB63A2A45BACD00FB5C07 /* VisionSnapTests.swift in Sources */ = {isa = PBXBuildFile; fileRef = 18BFB6392A45BACD00FB5C07 /* VisionSnapTests.swift */; };
		18BFB6442A45BACD00FB5C07 /* VisionSnapUITests.swift in Sources */ = {isa = PBXBuildFile; fileRef = 18BFB6432A45BACD00FB5C07 /* VisionSnapUITests.swift */; };
		18BFB6462A45BACD00FB5C07 /* VisionSnapUITestsLaunchTests.swift in Sources */ = {isa = PBXBuildFile; fileRef = 18BFB6452A45BACD00FB5C07 /* VisionSnapUITestsLaunchTests.swift */; };
/* End PBXBuildFile section */

/* Begin PBXContainerItemProxy section */
		18BFB6362A45BACD00FB5C07 /* PBXContainerItemProxy */ = {
			isa = PBXContainerItemProxy;
			containerPortal = 18BFB61D2A45BACB00FB5C07 /* Project object */;
			proxyType = 1;
			remoteGlobalIDString = 18BFB6242A45BACB00FB5C07;
			remoteInfo = VisionSnap;
		};
		18BFB6402A45BACD00FB5C07 /* PBXContainerItemProxy */ = {
			isa = PBXContainerItemProxy;
			containerPortal = 18BFB61D2A45BACB00FB5C07 /* Project object */;
			proxyType = 1;
			remoteGlobalIDString = 18BFB6242A45BACB00FB5C07;
			remoteInfo = VisionSnap;
		};
/* End PBXContainerItemProxy section */

/* Begin PBXFileReference section */
		18042CE82A50040E00985CB6 /* README.md */ = {isa = PBXFileReference; lastKnownFileType = net.daringfireball.markdown; path = README.md; sourceTree = "<group>"; };
		18BFB6252A45BACB00FB5C07 /* VisionSnap.app */ = {isa = PBXFileReference; explicitFileType = wrapper.application; includeInIndex = 0; path = VisionSnap.app; sourceTree = BUILT_PRODUCTS_DIR; };
		18BFB6282A45BACB00FB5C07 /* VisionSnapApp.swift */ = {isa = PBXFileReference; lastKnownFileType = sourcecode.swift; path = VisionSnapApp.swift; sourceTree = "<group>"; };
		18BFB62A2A45BACB00FB5C07 /* ContentView.swift */ = {isa = PBXFileReference; lastKnownFileType = sourcecode.swift; path = ContentView.swift; sourceTree = "<group>"; };
		18BFB62C2A45BACC00FB5C07 /* Assets.xcassets */ = {isa = PBXFileReference; lastKnownFileType = folder.assetcatalog; path = Assets.xcassets; sourceTree = "<group>"; };
		18BFB62F2A45BACC00FB5C07 /* Preview Assets.xcassets */ = {isa = PBXFileReference; lastKnownFileType = folder.assetcatalog; path = "Preview Assets.xcassets"; sourceTree = "<group>"; };
		18BFB6352A45BACD00FB5C07 /* VisionSnapTests.xctest */ = {isa = PBXFileReference; explicitFileType = wrapper.cfbundle; includeInIndex = 0; path = VisionSnapTests.xctest; sourceTree = BUILT_PRODUCTS_DIR; };
		18BFB6392A45BACD00FB5C07 /* VisionSnapTests.swift */ = {isa = PBXFileReference; lastKnownFileType = sourcecode.swift; path = VisionSnapTests.swift; sourceTree = "<group>"; };
		18BFB63F2A45BACD00FB5C07 /* VisionSnapUITests.xctest */ = {isa = PBXFileReference; explicitFileType = wrapper.cfbundle; includeInIndex = 0; path = VisionSnapUITests.xctest; sourceTree = BUILT_PRODUCTS_DIR; };
		18BFB6432A45BACD00FB5C07 /* VisionSnapUITests.swift */ = {isa = PBXFileReference; lastKnownFileType = sourcecode.swift; path = VisionSnapUITests.swift; sourceTree = "<group>"; };
		18BFB6452A45BACD00FB5C07 /* VisionSnapUITestsLaunchTests.swift */ = {isa = PBXFileReference; lastKnownFileType = sourcecode.swift; path = VisionSnapUITestsLaunchTests.swift; sourceTree = "<group>"; };
/* End PBXFileReference section */

/* Begin PBXFrameworksBuildPhase section */
		18BFB6222A45BACB00FB5C07 /* Frameworks */ = {
			isa = PBXFrameworksBuildPhase;
			buildActionMask = 2147483647;
			files = (
			);
			runOnlyForDeploymentPostprocessing = 0;
		};
		18BFB6322A45BACD00FB5C07 /* Frameworks */ = {
			isa = PBXFrameworksBuildPhase;
			buildActionMask = 2147483647;
			files = (
			);
			runOnlyForDeploymentPostprocessing = 0;
		};
		18BFB63C2A45BACD00FB5C07 /* Frameworks */ = {
			isa = PBXFrameworksBuildPhase;
			buildActionMask = 2147483647;
			files = (
			);
			runOnlyForDeploymentPostprocessing = 0;
		};
/* End PBXFrameworksBuildPhase section */

/* Begin PBXGroup section */
		18BFB61C2A45BACB00FB5C07 = {
			isa = PBXGroup;
			children = (
				18042CE82A50040E00985CB6 /* README.md */,
				18BFB6272A45BACB00FB5C07 /* VisionSnap */,
				18BFB6382A45BACD00FB5C07 /* VisionSnapTests */,
				18BFB6422A45BACD00FB5C07 /* VisionSnapUITests */,
				18BFB6262A45BACB00FB5C07 /* Products */,
			);
			sourceTree = "<group>";
		};
		18BFB6262A45BACB00FB5C07 /* Products */ = {
			isa = PBXGroup;
			children = (
				18BFB6252A45BACB00FB5C07 /* VisionSnap.app */,
				18BFB6352A45BACD00FB5C07 /* VisionSnapTests.xctest */,
				18BFB63F2A45BACD00FB5C07 /* VisionSnapUITests.xctest */,
			);
			name = Products;
			sourceTree = "<group>";
		};
		18BFB6272A45BACB00FB5C07 /* VisionSnap */ = {
			isa = PBXGroup;
			children = (
				18BFB6282A45BACB00FB5C07 /* VisionSnapApp.swift */,
				18BFB62A2A45BACB00FB5C07 /* ContentView.swift */,
				18BFB62C2A45BACC00FB5C07 /* Assets.xcassets */,
				18BFB62E2A45BACC00FB5C07 /* Preview Content */,
			);
			path = VisionSnap;
			sourceTree = "<group>";
		};
		18BFB62E2A45BACC00FB5C07 /* Preview Content */ = {
			isa = PBXGroup;
			children = (
				18BFB62F2A45BACC00FB5C07 /* Preview Assets.xcassets */,
			);
			path = "Preview Content";
			sourceTree = "<group>";
		};
		18BFB6382A45BACD00FB5C07 /* VisionSnapTests */ = {
			isa = PBXGroup;
			children = (
				18BFB6392A45BACD00FB5C07 /* VisionSnapTests.swift */,
			);
			path = VisionSnapTests;
			sourceTree = "<group>";
		};
		18BFB6422A45BACD00FB5C07 /* VisionSnapUITests */ = {
			isa = PBXGroup;
			children = (
				18BFB6432A45BACD00FB5C07 /* VisionSnapUITests.swift */,
				18BFB6452A45BACD00FB5C07 /* VisionSnapUITestsLaunchTests.swift */,
			);
			path = VisionSnapUITests;
			sourceTree = "<group>";
		};
/* End PBXGroup section */

/* Begin PBXNativeTarget section */
		18BFB6242A45BACB00FB5C07 /* VisionSnap */ = {
			isa = PBXNativeTarget;
			buildConfigurationList = 18BFB6492A45BACD00FB5C07 /* Build configuration list for PBXNativeTarget "VisionSnap" */;
			buildPhases = (
				18BFB6212A45BACB00FB5C07 /* Sources */,
				18BFB6222A45BACB00FB5C07 /* Frameworks */,
				18BFB6232A45BACB00FB5C07 /* Resources */,
			);
			buildRules = (
			);
			dependencies = (
			);
			name = VisionSnap;
			productName = VisionSnap;
			productReference = 18BFB6252A45BACB00FB5C07 /* VisionSnap.app */;
			productType = "com.apple.product-type.application";
		};
		18BFB6342A45BACD00FB5C07 /* VisionSnapTests */ = {
			isa = PBXNativeTarget;
			buildConfigurationList = 18BFB64C2A45BACD00FB5C07 /* Build configuration list for PBXNativeTarget "VisionSnapTests" */;
			buildPhases = (
				18BFB6312A45BACD00FB5C07 /* Sources */,
				18BFB6322A45BACD00FB5C07 /* Frameworks */,
				18BFB6332A45BACD00FB5C07 /* Resources */,
			);
			buildRules = (
			);
			dependencies = (
				18BFB6372A45BACD00FB5C07 /* PBXTargetDependency */,
			);
			name = VisionSnapTests;
			productName = VisionSnapTests;
			productReference = 18BFB6352A45BACD00FB5C07 /* VisionSnapTests.xctest */;
			productType = "com.apple.product-type.bundle.unit-test";
		};
		18BFB63E2A45BACD00FB5C07 /* VisionSnapUITests */ = {
			isa = PBXNativeTarget;
			buildConfigurationList = 18BFB64F2A45BACD00FB5C07 /* Build configuration list for PBXNativeTarget "VisionSnapUITests" */;
			buildPhases = (
				18BFB63B2A45BACD00FB5C07 /* Sources */,
				18BFB63C2A45BACD00FB5C07 /* Frameworks */,
				18BFB63D2A45BACD00FB5C07 /* Resources */,
			);
			buildRules = (
			);
			dependencies = (
				18BFB6412A45BACD00FB5C07 /* PBXTargetDependency */,
			);
			name = VisionSnapUITests;
			productName = VisionSnapUITests;
			productReference = 18BFB63F2A45BACD00FB5C07 /* VisionSnapUITests.xctest */;
			productType = "com.apple.product-type.bundle.ui-testing";
		};
/* End PBXNativeTarget section */

/* Begin PBXProject section */
		18BFB61D2A45BACB00FB5C07 /* Project object */ = {
			isa = PBXProject;
			attributes = {
				BuildIndependentTargetsInParallel = 1;
				LastSwiftUpdateCheck = 1430;
				LastUpgradeCheck = 1430;
				TargetAttributes = {
					18BFB6242A45BACB00FB5C07 = {
						CreatedOnToolsVersion = 14.3.1;
					};
					18BFB6342A45BACD00FB5C07 = {
						CreatedOnToolsVersion = 14.3.1;
						TestTargetID = 18BFB6242A45BACB00FB5C07;
					};
					18BFB63E2A45BACD00FB5C07 = {
						CreatedOnToolsVersion = 14.3.1;
						TestTargetID = 18BFB6242A45BACB00FB5C07;
					};
				};
			};
			buildConfigurationList = 18BFB6202A45BACB00FB5C07 /* Build configuration list for PBXProject "VisionSnap" */;
			compatibilityVersion = "Xcode 14.0";
			developmentRegion = en;
			hasScannedForEncodings = 0;
			knownRegions = (
				en,
				Base,
			);
			mainGroup = 18BFB61C2A45BACB00FB5C07;
			productRefGroup = 18BFB6262A45BACB00FB5C07 /* Products */;
			projectDirPath = "";
			projectRoot = "";
			targets = (
				18BFB6242A45BACB00FB5C07 /* VisionSnap */,
				18BFB6342A45BACD00FB5C07 /* VisionSnapTests */,
				18BFB63E2A45BACD00FB5C07 /* VisionSnapUITests */,
			);
		};
/* End PBXProject section */

/* Begin PBXResourcesBuildPhase section */
		18BFB6232A45BACB00FB5C07 /* Resources */ = {
			isa = PBXResourcesBuildPhase;
			buildActionMask = 2147483647;
			files = (
				18BFB6302A45BACC00FB5C07 /* Preview Assets.xcassets in Resources */,
				18BFB62D2A45BACC00FB5C07 /* Assets.xcassets in Resources */,
			);
			runOnlyForDeploymentPostprocessing = 0;
		};
		18BFB6332A45BACD00FB5C07 /* Resources */ = {
			isa = PBXResourcesBuildPhase;
			buildActionMask = 2147483647;
			files = (
			);
			runOnlyForDeploymentPostprocessing = 0;
		};
		18BFB63D2A45BACD00FB5C07 /* Resources */ = {
			isa = PBXResourcesBuildPhase;
			buildActionMask = 2147483647;
			files = (
			);
			runOnlyForDeploymentPostprocessing = 0;
		};
/* End PBXResourcesBuildPhase section */

/* Begin PBXSourcesBuildPhase section */
		18BFB6212A45BACB00FB5C07 /* Sources */ = {
			isa = PBXSourcesBuildPhase;
			buildActionMask = 2147483647;
			files = (
				18BFB62B2A45BACB00FB5C07 /* ContentView.swift in Sources */,
				18BFB6292A45BACB00FB5C07 /* VisionSnapApp.swift in Sources */,
			);
			runOnlyForDeploymentPostprocessing = 0;
		};
		18BFB6312A45BACD00FB5C07 /* Sources */ = {
			isa = PBXSourcesBuildPhase;
			buildActionMask = 2147483647;
			files = (
				18BFB63A2A45BACD00FB5C07 /* VisionSnapTests.swift in Sources */,
			);
			runOnlyForDeploymentPostprocessing = 0;
		};
		18BFB63B2A45BACD00FB5C07 /* Sources */ = {
			isa = PBXSourcesBuildPhase;
			buildActionMask = 2147483647;
			files = (
				18BFB6462A45BACD00FB5C07 /* VisionSnapUITestsLaunchTests.swift in Sources */,
				18BFB6442A45BACD00FB5C07 /* VisionSnapUITests.swift in Sources */,
			);
			runOnlyForDeploymentPostprocessing = 0;
		};
/* End PBXSourcesBuildPhase section */

/* Begin PBXTargetDependency section */
		18BFB6372A45BACD00FB5C07 /* PBXTargetDependency */ = {
			isa = PBXTargetDependency;
			target = 18BFB6242A45BACB00FB5C07 /* VisionSnap */;
			targetProxy = 18BFB6362A45BACD00FB5C07 /* PBXContainerItemProxy */;
		};
		18BFB6412A45BACD00FB5C07 /* PBXTargetDependency */ = {
			isa = PBXTargetDependency;
			target = 18BFB6242A45BACB00FB5C07 /* VisionSnap */;
			targetProxy = 18BFB6402A45BACD00FB5C07 /* PBXContainerItemProxy */;
		};
/* End PBXTargetDependency section */

/* Begin XCBuildConfiguration section */
		18BFB6472A45BACD00FB5C07 /* Debug */ = {
			isa = XCBuildConfiguration;
			buildSettings = {
				ALWAYS_SEARCH_USER_PATHS = NO;
				CLANG_ANALYZER_NONNULL = YES;
				CLANG_ANALYZER_NUMBER_OBJECT_CONVERSION = YES_AGGRESSIVE;
				CLANG_CXX_LANGUAGE_STANDARD = "gnu++20";
				CLANG_ENABLE_MODULES = YES;
				CLANG_ENABLE_OBJC_ARC = YES;
				CLANG_ENABLE_OBJC_WEAK = YES;
				CLANG_WARN_BLOCK_CAPTURE_AUTORELEASING = YES;
				CLANG_WARN_BOOL_CONVERSION = YES;
				CLANG_WARN_COMMA = YES;
				CLANG_WARN_CONSTANT_CONVERSION = YES;
				CLANG_WARN_DEPRECATED_OBJC_IMPLEMENTATIONS = YES;
				CLANG_WARN_DIRECT_OBJC_ISA_USAGE = YES_ERROR;
				CLANG_WARN_DOCUMENTATION_COMMENTS = YES;
				CLANG_WARN_EMPTY_BODY = YES;
				CLANG_WARN_ENUM_CONVERSION = YES;
				CLANG_WARN_INFINITE_RECURSION = YES;
				CLANG_WARN_INT_CONVERSION = YES;
				CLANG_WARN_NON_LITERAL_NULL_CONVERSION = YES;
				CLANG_WARN_OBJC_IMPLICIT_RETAIN_SELF = YES;
				CLANG_WARN_OBJC_LITERAL_CONVERSION = YES;
				CLANG_WARN_OBJC_ROOT_CLASS = YES_ERROR;
				CLANG_WARN_QUOTED_INCLUDE_IN_FRAMEWORK_HEADER = YES;
				CLANG_WARN_RANGE_LOOP_ANALYSIS = YES;
				CLANG_WARN_STRICT_PROTOTYPES = YES;
				CLANG_WARN_SUSPICIOUS_MOVE = YES;
				CLANG_WARN_UNGUARDED_AVAILABILITY = YES_AGGRESSIVE;
				CLANG_WARN_UNREACHABLE_CODE = YES;
				CLANG_WARN__DUPLICATE_METHOD_MATCH = YES;
				COPY_PHASE_STRIP = NO;
				DEBUG_INFORMATION_FORMAT = dwarf;
				ENABLE_STRICT_OBJC_MSGSEND = YES;
				ENABLE_TESTABILITY = YES;
				GCC_C_LANGUAGE_STANDARD = gnu11;
				GCC_DYNAMIC_NO_PIC = NO;
				GCC_NO_COMMON_BLOCKS = YES;
				GCC_OPTIMIZATION_LEVEL = 0;
				GCC_PREPROCESSOR_DEFINITIONS = (
					"DEBUG=1",
					"$(inherited)",
				);
				GCC_WARN_64_TO_32_BIT_CONVERSION = YES;
				GCC_WARN_ABOUT_RETURN_TYPE = YES_ERROR;
				GCC_WARN_UNDECLARED_SELECTOR = YES;
				GCC_WARN_UNINITIALIZED_AUTOS = YES_AGGRESSIVE;
				GCC_WARN_UNUSED_FUNCTION = YES;
				GCC_WARN_UNUSED_VARIABLE = YES;
				IPHONEOS_DEPLOYMENT_TARGET = 16.4;
				MTL_ENABLE_DEBUG_INFO = INCLUDE_SOURCE;
				MTL_FAST_MATH = YES;
				ONLY_ACTIVE_ARCH = YES;
				SDKROOT = iphoneos;
				SWIFT_ACTIVE_COMPILATION_CONDITIONS = DEBUG;
				SWIFT_OPTIMIZATION_LEVEL = "-Onone";
			};
			name = Debug;
		};
		18BFB6482A45BACD00FB5C07 /* Release */ = {
			isa = XCBuildConfiguration;
			buildSettings = {
				ALWAYS_SEARCH_USER_PATHS = NO;
				CLANG_ANALYZER_NONNULL = YES;
				CLANG_ANALYZER_NUMBER_OBJECT_CONVERSION = YES_AGGRESSIVE;
				CLANG_CXX_LANGUAGE_STANDARD = "gnu++20";
				CLANG_ENABLE_MODULES = YES;
				CLANG_ENABLE_OBJC_ARC = YES;
				CLANG_ENABLE_OBJC_WEAK = YES;
				CLANG_WARN_BLOCK_CAPTURE_AUTORELEASING = YES;
				CLANG_WARN_BOOL_CONVERSION = YES;
				CLANG_WARN_COMMA = YES;
				CLANG_WARN_CONSTANT_CONVERSION = YES;
				CLANG_WARN_DEPRECATED_OBJC_IMPLEMENTATIONS = YES;
				CLANG_WARN_DIRECT_OBJC_ISA_USAGE = YES_ERROR;
				CLANG_WARN_DOCUMENTATION_COMMENTS = YES;
				CLANG_WARN_EMPTY_BODY = YES;
				CLANG_WARN_ENUM_CONVERSION = YES;
				CLANG_WARN_INFINITE_RECURSION = YES;
				CLANG_WARN_INT_CONVERSION = YES;
				CLANG_WARN_NON_LITERAL_NULL_CONVERSION = YES;
				CLANG_WARN_OBJC_IMPLICIT_RETAIN_SELF = YES;
				CLANG_WARN_OBJC_LITERAL_CONVERSION = YES;
				CLANG_WARN_OBJC_ROOT_CLASS = YES_ERROR;
				CLANG_WARN_QUOTED_INCLUDE_IN_FRAMEWORK_HEADER = YES;
				CLANG_WARN_RANGE_LOOP_ANALYSIS = YES;
				CLANG_WARN_STRICT_PROTOTYPES = YES;
				CLANG_WARN_SUSPICIOUS_MOVE = YES;
				CLANG_WARN_UNGUARDED_AVAILABILITY = YES_AGGRESSIVE;
				CLANG_WARN_UNREACHABLE_CODE = YES;
				CLANG_WARN__DUPLICATE_METHOD_MATCH = YES;
				COPY_PHASE_STRIP = NO;
				DEBUG_INFORMATION_FORMAT = "dwarf-with-dsym";
				ENABLE_NS_ASSERTIONS = NO;
				ENABLE_STRICT_OBJC_MSGSEND = YES;
				GCC_C_LANGUAGE_STANDARD = gnu11;
				GCC_NO_COMMON_BLOCKS = YES;
				GCC_WARN_64_TO_32_BIT_CONVERSION = YES;
				GCC_WARN_ABOUT_RETURN_TYPE = YES_ERROR;
				GCC_WARN_UNDECLARED_SELECTOR = YES;
				GCC_WARN_UNINITIALIZED_AUTOS = YES_AGGRESSIVE;
				GCC_WARN_UNUSED_FUNCTION = YES;
				GCC_WARN_UNUSED_VARIABLE = YES;
				IPHONEOS_DEPLOYMENT_TARGET = 16.4;
				MTL_ENABLE_DEBUG_INFO = NO;
				MTL_FAST_MATH = YES;
				SDKROOT = iphoneos;
				SWIFT_COMPILATION_MODE = wholemodule;
				SWIFT_OPTIMIZATION_LEVEL = "-O";
				VALIDATE_PRODUCT = YES;
			};
			name = Release;
		};
		18BFB64A2A45BACD00FB5C07 /* Debug */ = {
			isa = XCBuildConfiguration;
			buildSettings = {
				ASSETCATALOG_COMPILER_APPICON_NAME = AppIcon;
				ASSETCATALOG_COMPILER_GLOBAL_ACCENT_COLOR_NAME = AccentColor;
				CODE_SIGN_STYLE = Automatic;
				CURRENT_PROJECT_VERSION = 1;
				DEVELOPMENT_ASSET_PATHS = "\"VisionSnap/Preview Content\"";
				DEVELOPMENT_TEAM = 5DU8R27949;
				ENABLE_PREVIEWS = YES;
				GENERATE_INFOPLIST_FILE = YES;
				INFOPLIST_KEY_UIApplicationSceneManifest_Generation = YES;
				INFOPLIST_KEY_UIApplicationSupportsIndirectInputEvents = YES;
				INFOPLIST_KEY_UILaunchScreen_Generation = YES;
				INFOPLIST_KEY_UISupportedInterfaceOrientations = "UIInterfaceOrientationLandscapeLeft UIInterfaceOrientationLandscapeRight";
				LD_RUNPATH_SEARCH_PATHS = (
					"$(inherited)",
					"@executable_path/Frameworks",
				);
				MARKETING_VERSION = 1.0;
				PRODUCT_BUNDLE_IDENTIFIER = NYCU.VisionSnap;
				PRODUCT_NAME = "$(TARGET_NAME)";
				SWIFT_EMIT_LOC_STRINGS = YES;
				SWIFT_VERSION = 5.0;
				TARGETED_DEVICE_FAMILY = "1,2";
			};
			name = Debug;
		};
		18BFB64B2A45BACD00FB5C07 /* Release */ = {
			isa = XCBuildConfiguration;
			buildSettings = {
				ASSETCATALOG_COMPILER_APPICON_NAME = AppIcon;
				ASSETCATALOG_COMPILER_GLOBAL_ACCENT_COLOR_NAME = AccentColor;
				CODE_SIGN_STYLE = Automatic;
				CURRENT_PROJECT_VERSION = 1;
				DEVELOPMENT_ASSET_PATHS = "\"VisionSnap/Preview Content\"";
				DEVELOPMENT_TEAM = 5DU8R27949;
				ENABLE_PREVIEWS = YES;
				GENERATE_INFOPLIST_FILE = YES;
				INFOPLIST_KEY_UIApplicationSceneManifest_Generation = YES;
				INFOPLIST_KEY_UIApplicationSupportsIndirectInputEvents = YES;
				INFOPLIST_KEY_UILaunchScreen_Generation = YES;
				INFOPLIST_KEY_UISupportedInterfaceOrientations = "UIInterfaceOrientationLandscapeLeft UIInterfaceOrientationLandscapeRight";
				LD_RUNPATH_SEARCH_PATHS = (
					"$(inherited)",
					"@executable_path/Frameworks",
				);
				MARKETING_VERSION = 1.0;
				PRODUCT_BUNDLE_IDENTIFIER = NYCU.VisionSnap;
				PRODUCT_NAME = "$(TARGET_NAME)";
				SWIFT_EMIT_LOC_STRINGS = YES;
				SWIFT_VERSION = 5.0;
				TARGETED_DEVICE_FAMILY = "1,2";
			};
			name = Release;
		};
		18BFB64D2A45BACD00FB5C07 /* Debug */ = {
			isa = XCBuildConfiguration;
			buildSettings = {
				ALWAYS_EMBED_SWIFT_STANDARD_LIBRARIES = YES;
				BUNDLE_LOADER = "$(TEST_HOST)";
				CODE_SIGN_STYLE = Automatic;
				CURRENT_PROJECT_VERSION = 1;
				DEVELOPMENT_TEAM = 5DU8R27949;
				GENERATE_INFOPLIST_FILE = YES;
				IPHONEOS_DEPLOYMENT_TARGET = 16.4;
				MARKETING_VERSION = 1.0;
				PRODUCT_BUNDLE_IDENTIFIER = NYCU.VisionSnapTests;
				PRODUCT_NAME = "$(TARGET_NAME)";
				SWIFT_EMIT_LOC_STRINGS = NO;
				SWIFT_VERSION = 5.0;
				TARGETED_DEVICE_FAMILY = "1,2";
				TEST_HOST = "$(BUILT_PRODUCTS_DIR)/VisionSnap.app/$(BUNDLE_EXECUTABLE_FOLDER_PATH)/VisionSnap";
			};
			name = Debug;
		};
		18BFB64E2A45BACD00FB5C07 /* Release */ = {
			isa = XCBuildConfiguration;
			buildSettings = {
				ALWAYS_EMBED_SWIFT_STANDARD_LIBRARIES = YES;
				BUNDLE_LOADER = "$(TEST_HOST)";
				CODE_SIGN_STYLE = Automatic;
				CURRENT_PROJECT_VERSION = 1;
				DEVELOPMENT_TEAM = 5DU8R27949;
				GENERATE_INFOPLIST_FILE = YES;
				IPHONEOS_DEPLOYMENT_TARGET = 16.4;
				MARKETING_VERSION = 1.0;
				PRODUCT_BUNDLE_IDENTIFIER = NYCU.VisionSnapTests;
				PRODUCT_NAME = "$(TARGET_NAME)";
				SWIFT_EMIT_LOC_STRINGS = NO;
				SWIFT_VERSION = 5.0;
				TARGETED_DEVICE_FAMILY = "1,2";
				TEST_HOST = "$(BUILT_PRODUCTS_DIR)/VisionSnap.app/$(BUNDLE_EXECUTABLE_FOLDER_PATH)/VisionSnap";
			};
			name = Release;
		};
		18BFB6502A45BACD00FB5C07 /* Debug */ = {
			isa = XCBuildConfiguration;
			buildSettings = {
				ALWAYS_EMBED_SWIFT_STANDARD_LIBRARIES = YES;
				CODE_SIGN_STYLE = Automatic;
				CURRENT_PROJECT_VERSION = 1;
				DEVELOPMENT_TEAM = 5DU8R27949;
				GENERATE_INFOPLIST_FILE = YES;
				MARKETING_VERSION = 1.0;
				PRODUCT_BUNDLE_IDENTIFIER = NYCU.VisionSnapUITests;
				PRODUCT_NAME = "$(TARGET_NAME)";
				SWIFT_EMIT_LOC_STRINGS = NO;
				SWIFT_VERSION = 5.0;
				TARGETED_DEVICE_FAMILY = "1,2";
				TEST_TARGET_NAME = VisionSnap;
			};
			name = Debug;
		};
		18BFB6512A45BACD00FB5C07 /* Release */ = {
			isa = XCBuildConfiguration;
			buildSettings = {
				ALWAYS_EMBED_SWIFT_STANDARD_LIBRARIES = YES;
				CODE_SIGN_STYLE = Automatic;
				CURRENT_PROJECT_VERSION = 1;
				DEVELOPMENT_TEAM = 5DU8R27949;
				GENERATE_INFOPLIST_FILE = YES;
				MARKETING_VERSION = 1.0;
				PRODUCT_BUNDLE_IDENTIFIER = NYCU.VisionSnapUITests;
				PRODUCT_NAME = "$(TARGET_NAME)";
				SWIFT_EMIT_LOC_STRINGS = NO;
				SWIFT_VERSION = 5.0;
				TARGETED_DEVICE_FAMILY = "1,2";
				TEST_TARGET_NAME = VisionSnap;
			};
			name = Release;
		};
/* End XCBuildConfiguration section */

/* Begin XCConfigurationList section */
		18BFB6202A45BACB00FB5C07 /* Build configuration list for PBXProject "VisionSnap" */ = {
			isa = XCConfigurationList;
			buildConfigurations = (
				18BFB6472A45BACD00FB5C07 /* Debug */,
				18BFB6482A45BACD00FB5C07 /* Release */,
			);
			defaultConfigurationIsVisible = 0;
			defaultConfigurationName = Release;
		};
		18BFB6492A45BACD00FB5C07 /* Build configuration list for PBXNativeTarget "VisionSnap" */ = {
			isa = XCConfigurationList;
			buildConfigurations = (
				18BFB64A2A45BACD00FB5C07 /* Debug */,
				18BFB64B2A45BACD00FB5C07 /* Release */,
			);
			defaultConfigurationIsVisible = 0;
			defaultConfigurationName = Release;
		};
		18BFB64C2A45BACD00FB5C07 /* Build configuration list for PBXNativeTarget "VisionSnapTests" */ = {
			isa = XCConfigurationList;
			buildConfigurations = (
				18BFB64D2A45BACD00FB5C07 /* Debug */,
				18BFB64E2A45BACD00FB5C07 /* Release */,
			);
			defaultConfigurationIsVisible = 0;
			defaultConfigurationName = Release;
		};
		18BFB64F2A45BACD00FB5C07 /* Build configuration list for PBXNativeTarget "VisionSnapUITests" */ = {
			isa = XCConfigurationList;
			buildConfigurations = (
				18BFB6502A45BACD00FB5C07 /* Debug */,
				18BFB6512A45BACD00FB5C07 /* Release */,
			);
			defaultConfigurationIsVisible = 0;
			defaultConfigurationName = Release;
		};
/* End XCConfigurationList section */
	};
	rootObject = 18BFB61D2A45BACB00FB5C07 /* Project object */;
}
